{
  "name": "uniapp-mall",
  "version": "1.0.0",
  "lockfileVersion": 3,
  "requires": true,
  "packages": {
    "": {
      "name": "uniapp-mall",
      "version": "1.0.0",
      "license": "ISC",
      "devDependencies": {
        "@dcloudio/types": "^3.4.32"
      }
    },
    "node_modules/@dcloudio/types": {
      "version": "3.4.32",
      "resolved": "https://registry.npmmirror.com/@dcloudio/types/-/types-3.4.32.tgz",
      "integrity": "sha512-sjhbkjUKxoym8KLEnyeXxCsxvRlBc7Bd/kNSZZRLj+lewS384bDPtq/x5FZ4iG+NrnzDmg3+HyiwV5u5vu2reQ==",
      "dev": true,
      "license": "Apache-2.0"
    }
  }
}
